
Microsoft Visual Studio Solution File, Format Version 12.00
# Visual Studio Version 16
VisualStudioVersion = 16.0.31702.278
MinimumVisualStudioVersion = 10.0.40219.1
Project("{FAE04EC0-301F-11D3-BF4B-00C04F79EFBC}") = "init", "init\init.csproj", "{7044FB93-F525-49A8-A471-747567C6F19B}"
EndProject
Global
	GlobalSection(SolutionConfigurationPlatforms) = preSolution
		Debug|Any CPU = Debug|Any CPU
		Release|Any CPU = Release|Any CPU
	EndGlobalSection
	GlobalSection(ProjectConfigurationPlatforms) = postSolution
		{7044FB93-F525-49A8-A471-747567C6F19B}.Debug|Any CPU.ActiveCfg = Debug|Any CPU
		{7044FB93-F525-49A8-A471-747567C6F19B}.Debug|Any CPU.Build.0 = Debug|Any CPU
		{7044FB93-F525-49A8-A471-747567C6F19B}.Release|Any CPU.ActiveCfg = Release|Any CPU
		{7044FB93-F525-49A8-A471-747567C6F19B}.Release|Any CPU.Build.0 = Release|Any CPU
	EndGlobalSection
	GlobalSection(SolutionProperties) = preSolution
		HideSolutionNode = FALSE
	EndGlobalSection
	GlobalSection(ExtensibilityGlobals) = postSolution
		SolutionGuid = {0C5F6142-FB54-4B1F-851D-9C613C5BF1ED}
	EndGlobalSection
EndGlobal
